
Microsoft Visual Studio Solution File, Format Version 12.00
# Visual Studio Version 16
VisualStudioVersion = 16.0.30611.23
MinimumVisualStudioVersion = 10.0.40219.1
Project("{9A19103F-16F7-4668-BE54-9A1E7A4F7556}") = "ragemp", "ragemp.csproj", "{0D39B146-DC2A-4C2E-AA73-54616B5B5D65}"
EndProject
Global
	GlobalSection(SolutionConfigurationPlatforms) = preSolution
		Debug|Any CPU = Debug|Any CPU
		Release|Any CPU = Release|Any CPU
	EndGlobalSection
	GlobalSection(ProjectConfigurationPlatforms) = postSolution
		{0D39B146-DC2A-4C2E-AA73-54616B5B5D65}.Debug|Any CPU.ActiveCfg = Debug|Any CPU
		{0D39B146-DC2A-4C2E-AA73-54616B5B5D65}.Debug|Any CPU.Build.0 = Debug|Any CPU
		{0D39B146-DC2A-4C2E-AA73-54616B5B5D65}.Release|Any CPU.ActiveCfg = Release|Any CPU
		{0D39B146-DC2A-4C2E-AA73-54616B5B5D65}.Release|Any CPU.Build.0 = Release|Any CPU
	EndGlobalSection
	GlobalSection(SolutionProperties) = preSolution
		HideSolutionNode = FALSE
	EndGlobalSection
	GlobalSection(ExtensibilityGlobals) = postSolution
		SolutionGuid = {F7F3D37E-0077-45F6-B34D-6569B1505719}
	EndGlobalSection
EndGlobal
